
Microsoft Visual Studio Solution File, Format Version 12.00
# Visual Studio 15
VisualStudioVersion = 15.0.28307.902
MinimumVisualStudioVersion = 10.0.40219.1
Project("{FAE04EC0-301F-11D3-BF4B-00C04F79EFBC}") = "QuestionNaireWeb", "QuestionNaireWeb\QuestionNaireWeb.csproj", "{DD4E66D7-745C-4828-BCB5-2235545EBB82}"
EndProject
Global
	GlobalSection(SolutionConfigurationPlatforms) = preSolution
		Debug|Any CPU = Debug|Any CPU
		Release|Any CPU = Release|Any CPU
	EndGlobalSection
	GlobalSection(ProjectConfigurationPlatforms) = postSolution
		{DD4E66D7-745C-4828-BCB5-2235545EBB82}.Debug|Any CPU.ActiveCfg = Debug|Any CPU
		{DD4E66D7-745C-4828-BCB5-2235545EBB82}.Debug|Any CPU.Build.0 = Debug|Any CPU
		{DD4E66D7-745C-4828-BCB5-2235545EBB82}.Release|Any CPU.ActiveCfg = Release|Any CPU
		{DD4E66D7-745C-4828-BCB5-2235545EBB82}.Release|Any CPU.Build.0 = Release|Any CPU
	EndGlobalSection
	GlobalSection(SolutionProperties) = preSolution
		HideSolutionNode = FALSE
	EndGlobalSection
	GlobalSection(ExtensibilityGlobals) = postSolution
		SolutionGuid = {B6ED630F-5CAD-4E61-A3F4-737BAFE4D50E}
	EndGlobalSection
EndGlobal
